
Microsoft Visual Studio Solution File, Format Version 12.00
# Visual Studio Version 17
VisualStudioVersion = 17.2.32526.322
MinimumVisualStudioVersion = 10.0.40219.1
Project("{FAE04EC0-301F-11D3-BF4B-00C04F79EFBC}") = "WPF_SR16", "WPF_SR16\WPF_SR16.csproj", "{6ADDDB40-DEAA-49A8-A2BB-3E61C2EFFC4C}"
EndProject
Project("{FAE04EC0-301F-11D3-BF4B-00C04F79EFBC}") = "WPF_SR16_2", "WPF_SR16_2\WPF_SR16_2.csproj", "{51E97092-7536-41A9-8FC6-775FCAF1ECD3}"
EndProject
Global
	GlobalSection(SolutionConfigurationPlatforms) = preSolution
		Debug|Any CPU = Debug|Any CPU
		Release|Any CPU = Release|Any CPU
	EndGlobalSection
	GlobalSection(ProjectConfigurationPlatforms) = postSolution
		{6ADDDB40-DEAA-49A8-A2BB-3E61C2EFFC4C}.Debug|Any CPU.ActiveCfg = Debug|Any CPU
		{6ADDDB40-DEAA-49A8-A2BB-3E61C2EFFC4C}.Debug|Any CPU.Build.0 = Debug|Any CPU
		{6ADDDB40-DEAA-49A8-A2BB-3E61C2EFFC4C}.Release|Any CPU.ActiveCfg = Release|Any CPU
		{6ADDDB40-DEAA-49A8-A2BB-3E61C2EFFC4C}.Release|Any CPU.Build.0 = Release|Any CPU
		{51E97092-7536-41A9-8FC6-775FCAF1ECD3}.Debug|Any CPU.ActiveCfg = Debug|Any CPU
		{51E97092-7536-41A9-8FC6-775FCAF1ECD3}.Debug|Any CPU.Build.0 = Debug|Any CPU
		{51E97092-7536-41A9-8FC6-775FCAF1ECD3}.Release|Any CPU.ActiveCfg = Release|Any CPU
		{51E97092-7536-41A9-8FC6-775FCAF1ECD3}.Release|Any CPU.Build.0 = Release|Any CPU
	EndGlobalSection
	GlobalSection(SolutionProperties) = preSolution
		HideSolutionNode = FALSE
	EndGlobalSection
	GlobalSection(ExtensibilityGlobals) = postSolution
		SolutionGuid = {ED7B0D55-8AD3-4C52-A25D-01B21470F7A0}
	EndGlobalSection
EndGlobal
